
Microsoft Visual Studio Solution File, Format Version 12.00
# Visual Studio Version 16
VisualStudioVersion = 16.0.30523.141
MinimumVisualStudioVersion = 10.0.40219.1
Project("{FAE04EC0-301F-11D3-BF4B-00C04F79EFBC}") = "SuperRentals", "SuperRentals.csproj", "{2455A1D0-E2E3-4A95-8DEF-4D7324DB8370}"
EndProject
Global
	GlobalSection(SolutionConfigurationPlatforms) = preSolution
		Debug|Any CPU = Debug|Any CPU
		Release|Any CPU = Release|Any CPU
	EndGlobalSection
	GlobalSection(ProjectConfigurationPlatforms) = postSolution
		{2455A1D0-E2E3-4A95-8DEF-4D7324DB8370}.Debug|Any CPU.ActiveCfg = Debug|Any CPU
		{2455A1D0-E2E3-4A95-8DEF-4D7324DB8370}.Debug|Any CPU.Build.0 = Debug|Any CPU
		{2455A1D0-E2E3-4A95-8DEF-4D7324DB8370}.Release|Any CPU.ActiveCfg = Release|Any CPU
		{2455A1D0-E2E3-4A95-8DEF-4D7324DB8370}.Release|Any CPU.Build.0 = Release|Any CPU
	EndGlobalSection
	GlobalSection(SolutionProperties) = preSolution
		HideSolutionNode = FALSE
	EndGlobalSection
	GlobalSection(ExtensibilityGlobals) = postSolution
		SolutionGuid = {AFD0B0EA-7C96-4F00-8952-52E60D3B8BC6}
	EndGlobalSection
EndGlobal
